
Microsoft Visual Studio Solution File, Format Version 12.00
# Visual Studio Version 17
VisualStudioVersion = 17.0.31903.59
MinimumVisualStudioVersion = 10.0.40219.1
Project("{2150E333-8FDC-42A3-9474-1A3956D46DE8}") = "src", "src", "{827E0CD3-B72D-47B6-A68D-7590B98EB39B}"
EndProject
Project("{FAE04EC0-301F-11D3-BF4B-00C04F79EFBC}") = "Portico", "src\Portico\Portico.csproj", "{5DEE5EAB-DEA2-4764-AE68-6BCDB814289B}"
EndProject
Project("{FAE04EC0-301F-11D3-BF4B-00C04F79EFBC}") = "Portico.Analyzers", "src\Portico.Analyzers\Portico.Analyzers.csproj", "{7BFA85CE-6E8C-49C4-887A-3C9618D0B5C9}"
EndProject
Project("{FAE04EC0-301F-11D3-BF4B-00C04F79EFBC}") = "Portico.Analyzers.CodeFixes", "src\Portico.Analyzers.CodeFixes\Portico.Analyzers.CodeFixes.csproj", "{585B6FD6-129E-47C4-9F2D-B161911F5C0C}"
EndProject
Project("{2150E333-8FDC-42A3-9474-1A3956D46DE8}") = "test", "test", "{0C88DD14-F956-CE84-757C-A364CCF449FC}"
EndProject
Project("{FAE04EC0-301F-11D3-BF4B-00C04F79EFBC}") = "Portico.Tests", "test\Portico.Tests\Portico.Tests.csproj", "{C0B8F48E-4C6A-448F-B605-8DDEA43E23B7}"
EndProject
Project("{2150E333-8FDC-42A3-9474-1A3956D46DE8}") = "examples", "examples", "{B36A84DF-456D-A817-6EDD-3EC3E7F6E11F}"
EndProject
Project("{FAE04EC0-301F-11D3-BF4B-00C04F79EFBC}") = "AdminCli", "examples\AdminCli\AdminCli.csproj", "{19EE7E1C-8831-4CE3-89F6-F3B7E0ADE29A}"
EndProject
Project("{FAE04EC0-301F-11D3-BF4B-00C04F79EFBC}") = "AdminCli.Tests", "examples\AdminCli.Tests\AdminCli.Tests.csproj", "{A837A850-D62D-4243-BF3F-5A6A025AA488}"
EndProject
Project("{FAE04EC0-301F-11D3-BF4B-00C04F79EFBC}") = "Platform.Storage", "examples\Platform.Storage\Platform.Storage.csproj", "{462FD68F-E232-4F95-A91D-CFD14B6B223E}"
EndProject
Project("{FAE04EC0-301F-11D3-BF4B-00C04F79EFBC}") = "Platform.Queue", "examples\Platform.Queue\Platform.Queue.csproj", "{4339FD4C-86BD-487D-B5E3-826D5C84C2A5}"
EndProject
Project("{FAE04EC0-301F-11D3-BF4B-00C04F79EFBC}") = "PlatformCli", "examples\PlatformCli\PlatformCli.csproj", "{FA50A247-E7CC-4A6F-83D4-0385A40D460A}"
EndProject
Project("{FAE04EC0-301F-11D3-BF4B-00C04F79EFBC}") = "PlatformCli.Tests", "examples\PlatformCli.Tests\PlatformCli.Tests.csproj", "{1503DFD0-BE56-499C-89D5-D4BB60822918}"
EndProject
Global
	GlobalSection(SolutionConfigurationPlatforms) = preSolution
		Debug|Any CPU = Debug|Any CPU
		Debug|x64 = Debug|x64
		Debug|x86 = Debug|x86
		Release|Any CPU = Release|Any CPU
		Release|x64 = Release|x64
		Release|x86 = Release|x86
	EndGlobalSection
	GlobalSection(ProjectConfigurationPlatforms) = postSolution
		{5DEE5EAB-DEA2-4764-AE68-6BCDB814289B}.Debug|Any CPU.ActiveCfg = Debug|Any CPU
		{5DEE5EAB-DEA2-4764-AE68-6BCDB814289B}.Debug|Any CPU.Build.0 = Debug|Any CPU
		{5DEE5EAB-DEA2-4764-AE68-6BCDB814289B}.Debug|x64.ActiveCfg = Debug|Any CPU
		{5DEE5EAB-DEA2-4764-AE68-6BCDB814289B}.Debug|x64.Build.0 = Debug|Any CPU
		{5DEE5EAB-DEA2-4764-AE68-6BCDB814289B}.Debug|x86.ActiveCfg = Debug|Any CPU
		{5DEE5EAB-DEA2-4764-AE68-6BCDB814289B}.Debug|x86.Build.0 = Debug|Any CPU
		{5DEE5EAB-DEA2-4764-AE68-6BCDB814289B}.Release|Any CPU.ActiveCfg = Release|Any CPU
		{5DEE5EAB-DEA2-4764-AE68-6BCDB814289B}.Release|Any CPU.Build.0 = Release|Any CPU
		{5DEE5EAB-DEA2-4764-AE68-6BCDB814289B}.Release|x64.ActiveCfg = Release|Any CPU
		{5DEE5EAB-DEA2-4764-AE68-6BCDB814289B}.Release|x64.Build.0 = Release|Any CPU
		{5DEE5EAB-DEA2-4764-AE68-6BCDB814289B}.Release|x86.ActiveCfg = Release|Any CPU
		{5DEE5EAB-DEA2-4764-AE68-6BCDB814289B}.Release|x86.Build.0 = Release|Any CPU
		{7BFA85CE-6E8C-49C4-887A-3C9618D0B5C9}.Debug|Any CPU.ActiveCfg = Debug|Any CPU
		{7BFA85CE-6E8C-49C4-887A-3C9618D0B5C9}.Debug|Any CPU.Build.0 = Debug|Any CPU
		{7BFA85CE-6E8C-49C4-887A-3C9618D0B5C9}.Debug|x64.ActiveCfg = Debug|Any CPU
		{7BFA85CE-6E8C-49C4-887A-3C9618D0B5C9}.Debug|x64.Build.0 = Debug|Any CPU
		{7BFA85CE-6E8C-49C4-887A-3C9618D0B5C9}.Debug|x86.ActiveCfg = Debug|Any CPU
		{7BFA85CE-6E8C-49C4-887A-3C9618D0B5C9}.Debug|x86.Build.0 = Debug|Any CPU
		{7BFA85CE-6E8C-49C4-887A-3C9618D0B5C9}.Release|Any CPU.ActiveCfg = Release|Any CPU
		{7BFA85CE-6E8C-49C4-887A-3C9618D0B5C9}.Release|Any CPU.Build.0 = Release|Any CPU
		{7BFA85CE-6E8C-49C4-887A-3C9618D0B5C9}.Release|x64.ActiveCfg = Release|Any CPU
		{7BFA85CE-6E8C-49C4-887A-3C9618D0B5C9}.Release|x64.Build.0 = Release|Any CPU
		{7BFA85CE-6E8C-49C4-887A-3C9618D0B5C9}.Release|x86.ActiveCfg = Release|Any CPU
		{7BFA85CE-6E8C-49C4-887A-3C9618D0B5C9}.Release|x86.Build.0 = Release|Any CPU
		{585B6FD6-129E-47C4-9F2D-B161911F5C0C}.Debug|Any CPU.ActiveCfg = Debug|Any CPU
		{585B6FD6-129E-47C4-9F2D-B161911F5C0C}.Debug|Any CPU.Build.0 = Debug|Any CPU
		{585B6FD6-129E-47C4-9F2D-B161911F5C0C}.Debug|x64.ActiveCfg = Debug|Any CPU
		{585B6FD6-129E-47C4-9F2D-B161911F5C0C}.Debug|x64.Build.0 = Debug|Any CPU
		{585B6FD6-129E-47C4-9F2D-B161911F5C0C}.Debug|x86.ActiveCfg = Debug|Any CPU
		{585B6FD6-129E-47C4-9F2D-B161911F5C0C}.Debug|x86.Build.0 = Debug|Any CPU
		{585B6FD6-129E-47C4-9F2D-B161911F5C0C}.Release|Any CPU.ActiveCfg = Release|Any CPU
		{585B6FD6-129E-47C4-9F2D-B161911F5C0C}.Release|Any CPU.Build.0 = Release|Any CPU
		{585B6FD6-129E-47C4-9F2D-B161911F5C0C}.Release|x64.ActiveCfg = Release|Any CPU
		{585B6FD6-129E-47C4-9F2D-B161911F5C0C}.Release|x64.Build.0 = Release|Any CPU
		{585B6FD6-129E-47C4-9F2D-B161911F5C0C}.Release|x86.ActiveCfg = Release|Any CPU
		{585B6FD6-129E-47C4-9F2D-B161911F5C0C}.Release|x86.Build.0 = Release|Any CPU
		{C0B8F48E-4C6A-448F-B605-8DDEA43E23B7}.Debug|Any CPU.ActiveCfg = Debug|Any CPU
		{C0B8F48E-4C6A-448F-B605-8DDEA43E23B7}.Debug|Any CPU.Build.0 = Debug|Any CPU
		{C0B8F48E-4C6A-448F-B605-8DDEA43E23B7}.Debug|x64.ActiveCfg = Debug|Any CPU
		{C0B8F48E-4C6A-448F-B605-8DDEA43E23B7}.Debug|x64.Build.0 = Debug|Any CPU
		{C0B8F48E-4C6A-448F-B605-8DDEA43E23B7}.Debug|x86.ActiveCfg = Debug|Any CPU
		{C0B8F48E-4C6A-448F-B605-8DDEA43E23B7}.Debug|x86.Build.0 = Debug|Any CPU
		{C0B8F48E-4C6A-448F-B605-8DDEA43E23B7}.Release|Any CPU.ActiveCfg = Release|Any CPU
		{C0B8F48E-4C6A-448F-B605-8DDEA43E23B7}.Release|Any CPU.Build.0 = Release|Any CPU
		{C0B8F48E-4C6A-448F-B605-8DDEA43E23B7}.Release|x64.ActiveCfg = Release|Any CPU
		{C0B8F48E-4C6A-448F-B605-8DDEA43E23B7}.Release|x64.Build.0 = Release|Any CPU
		{C0B8F48E-4C6A-448F-B605-8DDEA43E23B7}.Release|x86.ActiveCfg = Release|Any CPU
		{C0B8F48E-4C6A-448F-B605-8DDEA43E23B7}.Release|x86.Build.0 = Release|Any CPU
		{19EE7E1C-8831-4CE3-89F6-F3B7E0ADE29A}.Debug|Any CPU.ActiveCfg = Debug|Any CPU
		{19EE7E1C-8831-4CE3-89F6-F3B7E0ADE29A}.Debug|Any CPU.Build.0 = Debug|Any CPU
		{19EE7E1C-8831-4CE3-89F6-F3B7E0ADE29A}.Debug|x64.ActiveCfg = Debug|Any CPU
		{19EE7E1C-8831-4CE3-89F6-F3B7E0ADE29A}.Debug|x64.Build.0 = Debug|Any CPU
		{19EE7E1C-8831-4CE3-89F6-F3B7E0ADE29A}.Debug|x86.ActiveCfg = Debug|Any CPU
		{19EE7E1C-8831-4CE3-89F6-F3B7E0ADE29A}.Debug|x86.Build.0 = Debug|Any CPU
		{19EE7E1C-8831-4CE3-89F6-F3B7E0ADE29A}.Release|Any CPU.ActiveCfg = Release|Any CPU
		{19EE7E1C-8831-4CE3-89F6-F3B7E0ADE29A}.Release|Any CPU.Build.0 = Release|Any CPU
		{19EE7E1C-8831-4CE3-89F6-F3B7E0ADE29A}.Release|x64.ActiveCfg = Release|Any CPU
		{19EE7E1C-8831-4CE3-89F6-F3B7E0ADE29A}.Release|x64.Build.0 = Release|Any CPU
		{19EE7E1C-8831-4CE3-89F6-F3B7E0ADE29A}.Release|x86.ActiveCfg = Release|Any CPU
		{19EE7E1C-8831-4CE3-89F6-F3B7E0ADE29A}.Release|x86.Build.0 = Release|Any CPU
		{A837A850-D62D-4243-BF3F-5A6A025AA488}.Debug|Any CPU.ActiveCfg = Debug|Any CPU
		{A837A850-D62D-4243-BF3F-5A6A025AA488}.Debug|Any CPU.Build.0 = Debug|Any CPU
		{A837A850-D62D-4243-BF3F-5A6A025AA488}.Debug|x64.ActiveCfg = Debug|Any CPU
		{A837A850-D62D-4243-BF3F-5A6A025AA488}.Debug|x64.Build.0 = Debug|Any CPU
		{A837A850-D62D-4243-BF3F-5A6A025AA488}.Debug|x86.ActiveCfg = Debug|Any CPU
		{A837A850-D62D-4243-BF3F-5A6A025AA488}.Debug|x86.Build.0 = Debug|Any CPU
		{A837A850-D62D-4243-BF3F-5A6A025AA488}.Release|Any CPU.ActiveCfg = Release|Any CPU
		{A837A850-D62D-4243-BF3F-5A6A025AA488}.Release|Any CPU.Build.0 = Release|Any CPU
		{A837A850-D62D-4243-BF3F-5A6A025AA488}.Release|x64.ActiveCfg = Release|Any CPU
		{A837A850-D62D-4243-BF3F-5A6A025AA488}.Release|x64.Build.0 = Release|Any CPU
		{A837A850-D62D-4243-BF3F-5A6A025AA488}.Release|x86.ActiveCfg = Release|Any CPU
		{A837A850-D62D-4243-BF3F-5A6A025AA488}.Release|x86.Build.0 = Release|Any CPU
		{462FD68F-E232-4F95-A91D-CFD14B6B223E}.Debug|Any CPU.ActiveCfg = Debug|Any CPU
		{462FD68F-E232-4F95-A91D-CFD14B6B223E}.Debug|Any CPU.Build.0 = Debug|Any CPU
		{462FD68F-E232-4F95-A91D-CFD14B6B223E}.Debug|x64.ActiveCfg = Debug|Any CPU
		{462FD68F-E232-4F95-A91D-CFD14B6B223E}.Debug|x64.Build.0 = Debug|Any CPU
		{462FD68F-E232-4F95-A91D-CFD14B6B223E}.Debug|x86.ActiveCfg = Debug|Any CPU
		{462FD68F-E232-4F95-A91D-CFD14B6B223E}.Debug|x86.Build.0 = Debug|Any CPU
		{462FD68F-E232-4F95-A91D-CFD14B6B223E}.Release|Any CPU.ActiveCfg = Release|Any CPU
		{462FD68F-E232-4F95-A91D-CFD14B6B223E}.Release|Any CPU.Build.0 = Release|Any CPU
		{462FD68F-E232-4F95-A91D-CFD14B6B223E}.Release|x64.ActiveCfg = Release|Any CPU
		{462FD68F-E232-4F95-A91D-CFD14B6B223E}.Release|x64.Build.0 = Release|Any CPU
		{462FD68F-E232-4F95-A91D-CFD14B6B223E}.Release|x86.ActiveCfg = Release|Any CPU
		{462FD68F-E232-4F95-A91D-CFD14B6B223E}.Release|x86.Build.0 = Release|Any CPU
		{4339FD4C-86BD-487D-B5E3-826D5C84C2A5}.Debug|Any CPU.ActiveCfg = Debug|Any CPU
		{4339FD4C-86BD-487D-B5E3-826D5C84C2A5}.Debug|Any CPU.Build.0 = Debug|Any CPU
		{4339FD4C-86BD-487D-B5E3-826D5C84C2A5}.Debug|x64.ActiveCfg = Debug|Any CPU
		{4339FD4C-86BD-487D-B5E3-826D5C84C2A5}.Debug|x64.Build.0 = Debug|Any CPU
		{4339FD4C-86BD-487D-B5E3-826D5C84C2A5}.Debug|x86.ActiveCfg = Debug|Any CPU
		{4339FD4C-86BD-487D-B5E3-826D5C84C2A5}.Debug|x86.Build.0 = Debug|Any CPU
		{4339FD4C-86BD-487D-B5E3-826D5C84C2A5}.Release|Any CPU.ActiveCfg = Release|Any CPU
		{4339FD4C-86BD-487D-B5E3-826D5C84C2A5}.Release|Any CPU.Build.0 = Release|Any CPU
		{4339FD4C-86BD-487D-B5E3-826D5C84C2A5}.Release|x64.ActiveCfg = Release|Any CPU
		{4339FD4C-86BD-487D-B5E3-826D5C84C2A5}.Release|x64.Build.0 = Release|Any CPU
		{4339FD4C-86BD-487D-B5E3-826D5C84C2A5}.Release|x86.ActiveCfg = Release|Any CPU
		{4339FD4C-86BD-487D-B5E3-826D5C84C2A5}.Release|x86.Build.0 = Release|Any CPU
		{FA50A247-E7CC-4A6F-83D4-0385A40D460A}.Debug|Any CPU.ActiveCfg = Debug|Any CPU
		{FA50A247-E7CC-4A6F-83D4-0385A40D460A}.Debug|Any CPU.Build.0 = Debug|Any CPU
		{FA50A247-E7CC-4A6F-83D4-0385A40D460A}.Debug|x64.ActiveCfg = Debug|Any CPU
		{FA50A247-E7CC-4A6F-83D4-0385A40D460A}.Debug|x64.Build.0 = Debug|Any CPU
		{FA50A247-E7CC-4A6F-83D4-0385A40D460A}.Debug|x86.ActiveCfg = Debug|Any CPU
		{FA50A247-E7CC-4A6F-83D4-0385A40D460A}.Debug|x86.Build.0 = Debug|Any CPU
		{FA50A247-E7CC-4A6F-83D4-0385A40D460A}.Release|Any CPU.ActiveCfg = Release|Any CPU
		{FA50A247-E7CC-4A6F-83D4-0385A40D460A}.Release|Any CPU.Build.0 = Release|Any CPU
		{FA50A247-E7CC-4A6F-83D4-0385A40D460A}.Release|x64.ActiveCfg = Release|Any CPU
		{FA50A247-E7CC-4A6F-83D4-0385A40D460A}.Release|x64.Build.0 = Release|Any CPU
		{FA50A247-E7CC-4A6F-83D4-0385A40D460A}.Release|x86.ActiveCfg = Release|Any CPU
		{FA50A247-E7CC-4A6F-83D4-0385A40D460A}.Release|x86.Build.0 = Release|Any CPU
		{1503DFD0-BE56-499C-89D5-D4BB60822918}.Debug|Any CPU.ActiveCfg = Debug|Any CPU
		{1503DFD0-BE56-499C-89D5-D4BB60822918}.Debug|Any CPU.Build.0 = Debug|Any CPU
		{1503DFD0-BE56-499C-89D5-D4BB60822918}.Debug|x64.ActiveCfg = Debug|Any CPU
		{1503DFD0-BE56-499C-89D5-D4BB60822918}.Debug|x64.Build.0 = Debug|Any CPU
		{1503DFD0-BE56-499C-89D5-D4BB60822918}.Debug|x86.ActiveCfg = Debug|Any CPU
		{1503DFD0-BE56-499C-89D5-D4BB60822918}.Debug|x86.Build.0 = Debug|Any CPU
		{1503DFD0-BE56-499C-89D5-D4BB60822918}.Release|Any CPU.ActiveCfg = Release|Any CPU
		{1503DFD0-BE56-499C-89D5-D4BB60822918}.Release|Any CPU.Build.0 = Release|Any CPU
		{1503DFD0-BE56-499C-89D5-D4BB60822918}.Release|x64.ActiveCfg = Release|Any CPU
		{1503DFD0-BE56-499C-89D5-D4BB60822918}.Release|x64.Build.0 = Release|Any CPU
		{1503DFD0-BE56-499C-89D5-D4BB60822918}.Release|x86.ActiveCfg = Release|Any CPU
		{1503DFD0-BE56-499C-89D5-D4BB60822918}.Release|x86.Build.0 = Release|Any CPU
	EndGlobalSection
	GlobalSection(SolutionProperties) = preSolution
		HideSolutionNode = FALSE
	EndGlobalSection
	GlobalSection(NestedProjects) = preSolution
		{5DEE5EAB-DEA2-4764-AE68-6BCDB814289B} = {827E0CD3-B72D-47B6-A68D-7590B98EB39B}
		{7BFA85CE-6E8C-49C4-887A-3C9618D0B5C9} = {827E0CD3-B72D-47B6-A68D-7590B98EB39B}
		{585B6FD6-129E-47C4-9F2D-B161911F5C0C} = {827E0CD3-B72D-47B6-A68D-7590B98EB39B}
		{C0B8F48E-4C6A-448F-B605-8DDEA43E23B7} = {0C88DD14-F956-CE84-757C-A364CCF449FC}
		{19EE7E1C-8831-4CE3-89F6-F3B7E0ADE29A} = {B36A84DF-456D-A817-6EDD-3EC3E7F6E11F}
		{A837A850-D62D-4243-BF3F-5A6A025AA488} = {B36A84DF-456D-A817-6EDD-3EC3E7F6E11F}
		{462FD68F-E232-4F95-A91D-CFD14B6B223E} = {B36A84DF-456D-A817-6EDD-3EC3E7F6E11F}
		{4339FD4C-86BD-487D-B5E3-826D5C84C2A5} = {B36A84DF-456D-A817-6EDD-3EC3E7F6E11F}
		{FA50A247-E7CC-4A6F-83D4-0385A40D460A} = {B36A84DF-456D-A817-6EDD-3EC3E7F6E11F}
		{1503DFD0-BE56-499C-89D5-D4BB60822918} = {B36A84DF-456D-A817-6EDD-3EC3E7F6E11F}
	EndGlobalSection
EndGlobal
